// !$*UTF8*$!
{
	archiveVersion = 1;
	classes = {
	};
	objectVersion = 48;
	objects = {

/* Begin PBXBuildFile section */
		B2C896671F13EDA9006DEE7C /* AppDelegate.swift in Sources */ = {isa = PBXBuildFile; fileRef = B2C896661F13EDA9006DEE7C /* AppDelegate.swift */; };
		B2C896691F13EDA9006DEE7C /* MasterViewController.swift in Sources */ = {isa = PBXBuildFile; fileRef = B2C896681F13EDA9006DEE7C /* MasterViewController.swift */; };
		B2C8966B1F13EDA9006DEE7C /* DetailViewController.swift in Sources */ = {isa = PBXBuildFile; fileRef = B2C8966A1F13EDA9006DEE7C /* DetailViewController.swift */; };
		B2C8966E1F13EDA9006DEE7C /* Main.storyboard in Resources */ = {isa = PBXBuildFile; fileRef = B2C8966C1F13EDA9006DEE7C /* Main.storyboard */; };
		B2C896701F13EDA9006DEE7C /* Assets.xcassets in Resources */ = {isa = PBXBuildFile; fileRef = B2C8966F1F13EDA9006DEE7C /* Assets.xcassets */; };
		B2C896731F13EDA9006DEE7C /* LaunchScreen.storyboard in Resources */ = {isa = PBXBuildFile; fileRef = B2C896711F13EDA9006DEE7C /* LaunchScreen.storyboard */; };
/* End PBXBuildFile section */

/* Begin PBXFileReference section */
		B2C896631F13EDA9006DEE7C /* ConsumePython.app */ = {isa = PBXFileReference; explicitFileType = wrapper.application; includeInIndex = 0; path = ConsumePython.app; sourceTree = BUILT_PRODUCTS_DIR; };
		B2C896661F13EDA9006DEE7C /* AppDelegate.swift */ = {isa = PBXFileReference; lastKnownFileType = sourcecode.swift; path = AppDelegate.swift; sourceTree = "<group>"; };
		B2C896681F13EDA9006DEE7C /* MasterViewController.swift */ = {isa = PBXFileReference; lastKnownFileType = sourcecode.swift; path = MasterViewController.swift; sourceTree = "<group>"; };
		B2C8966A1F13EDA9006DEE7C /* DetailViewController.swift */ = {isa = PBXFileReference; lastKnownFileType = sourcecode.swift; path = DetailViewController.swift; sourceTree = "<group>"; };
		B2C8966D1F13EDA9006DEE7C /* Base */ = {isa = PBXFileReference; lastKnownFileType = file.storyboard; name = Base; path = Base.lproj/Main.storyboard; sourceTree = "<group>"; };
		B2C8966F1F13EDA9006DEE7C /* Assets.xcassets */ = {isa = PBXFileReference; lastKnownFileType = folder.assetcatalog; path = Assets.xcassets; sourceTree = "<group>"; };
		B2C896721F13EDA9006DEE7C /* Base */ = {isa = PBXFileReference; lastKnownFileType = file.storyboard; name = Base; path = Base.lproj/LaunchScreen.storyboard; sourceTree = "<group>"; };
		B2C896741F13EDA9006DEE7C /* Info.plist */ = {isa = PBXFileReference; lastKnownFileType = text.plist.xml; path = Info.plist; sourceTree = "<group>"; };
/* End PBXFileReference section */

/* Begin PBXFrameworksBuildPhase section */
		B2C896601F13EDA9006DEE7C /* Frameworks */ = {
			isa = PBXFrameworksBuildPhase;
			buildActionMask = 2147483647;
			files = (
			);
			runOnlyForDeploymentPostprocessing = 0;
		};
/* End PBXFrameworksBuildPhase section */

/* Begin PBXGroup section */
		B2C8965A1F13EDA9006DEE7C = {
			isa = PBXGroup;
			children = (
				B2C896651F13EDA9006DEE7C /* ConsumePython */,
				B2C896641F13EDA9006DEE7C /* Products */,
			);
			sourceTree = "<group>";
		};
		B2C896641F13EDA9006DEE7C /* Products */ = {
			isa = PBXGroup;
			children = (
				B2C896631F13EDA9006DEE7C /* ConsumePython.app */,
			);
			name = Products;
			sourceTree = "<group>";
		};
		B2C896651F13EDA9006DEE7C /* ConsumePython */ = {
			isa = PBXGroup;
			children = (
				B2C896661F13EDA9006DEE7C /* AppDelegate.swift */,
				B2C896681F13EDA9006DEE7C /* MasterViewController.swift */,
				B2C8966A1F13EDA9006DEE7C /* DetailViewController.swift */,
				B2C8966C1F13EDA9006DEE7C /* Main.storyboard */,
				B2C8966F1F13EDA9006DEE7C /* Assets.xcassets */,
				B2C896711F13EDA9006DEE7C /* LaunchScreen.storyboard */,
				B2C896741F13EDA9006DEE7C /* Info.plist */,
			);
			path = ConsumePython;
			sourceTree = "<group>";
		};
/* End PBXGroup section */

/* Begin PBXNativeTarget section */
		B2C896621F13EDA9006DEE7C /* ConsumePython */ = {
			isa = PBXNativeTarget;
			buildConfigurationList = B2C896771F13EDA9006DEE7C /* Build configuration list for PBXNativeTarget "ConsumePython" */;
			buildPhases = (
				B2C8965F1F13EDA9006DEE7C /* Sources */,
				B2C896601F13EDA9006DEE7C /* Frameworks */,
				B2C896611F13EDA9006DEE7C /* Resources */,
			);
			buildRules = (
			);
			dependencies = (
			);
			name = ConsumePython;
			productName = ConsumePython;
			productReference = B2C896631F13EDA9006DEE7C /* ConsumePython.app */;
			productType = "com.apple.product-type.application";
		};
/* End PBXNativeTarget section */

/* Begin PBXProject section */
		B2C8965B1F13EDA9006DEE7C /* Project object */ = {
			isa = PBXProject;
			attributes = {
				LastSwiftUpdateCheck = 0900;
				LastUpgradeCheck = 0900;
				ORGANIZATIONNAME = "David Fekke";
				TargetAttributes = {
					B2C896621F13EDA9006DEE7C = {
						CreatedOnToolsVersion = 9.0;
					};
				};
			};
			buildConfigurationList = B2C8965E1F13EDA9006DEE7C /* Build configuration list for PBXProject "ConsumePython" */;
			compatibilityVersion = "Xcode 8.0";
			developmentRegion = en;
			hasScannedForEncodings = 0;
			knownRegions = (
				en,
				Base,
			);
			mainGroup = B2C8965A1F13EDA9006DEE7C;
			productRefGroup = B2C896641F13EDA9006DEE7C /* Products */;
			projectDirPath = "";
			projectRoot = "";
			targets = (
				B2C896621F13EDA9006DEE7C /* ConsumePython */,
			);
		};
/* End PBXProject section */

/* Begin PBXResourcesBuildPhase section */
		B2C896611F13EDA9006DEE7C /* Resources */ = {
			isa = PBXResourcesBuildPhase;
			buildActionMask = 2147483647;
			files = (
				B2C896731F13EDA9006DEE7C /* LaunchScreen.storyboard in Resources */,
				B2C896701F13EDA9006DEE7C /* Assets.xcassets in Resources */,
				B2C8966E1F13EDA9006DEE7C /* Main.storyboard in Resources */,
			);
			runOnlyForDeploymentPostprocessing = 0;
		};
/* End PBXResourcesBuildPhase section */

/* Begin PBXSourcesBuildPhase section */
		B2C8965F1F13EDA9006DEE7C /* Sources */ = {
			isa = PBXSourcesBuildPhase;
			buildActionMask = 2147483647;
			files = (
				B2C8966B1F13EDA9006DEE7C /* DetailViewController.swift in Sources */,
				B2C896691F13EDA9006DEE7C /* MasterViewController.swift in Sources */,
				B2C896671F13EDA9006DEE7C /* AppDelegate.swift in Sources */,
			);
			runOnlyForDeploymentPostprocessing = 0;
		};
/* End PBXSourcesBuildPhase section */

/* Begin PBXVariantGroup section */
		B2C8966C1F13EDA9006DEE7C /* Main.storyboard */ = {
			isa = PBXVariantGroup;
			children = (
				B2C8966D1F13EDA9006DEE7C /* Base */,
			);
			name = Main.storyboard;
			sourceTree = "<group>";
		};
		B2C896711F13EDA9006DEE7C /* LaunchScreen.storyboard */ = {
			isa = PBXVariantGroup;
			children = (
				B2C896721F13EDA9006DEE7C /* Base */,
			);
			name = LaunchScreen.storyboard;
			sourceTree = "<group>";
		};
/* End PBXVariantGroup section */

/* Begin XCBuildConfiguration section */
		B2C896751F13EDA9006DEE7C /* Debug */ = {
			isa = XCBuildConfiguration;
			buildSettings = {
				ALWAYS_SEARCH_USER_PATHS = NO;
				CLANG_ANALYZER_NONNULL = YES;
				CLANG_ANALYZER_NUMBER_OBJECT_CONVERSION = YES_AGGRESSIVE;
				CLANG_CXX_LANGUAGE_STANDARD = "gnu++14";
				CLANG_CXX_LIBRARY = "libc++";
				CLANG_ENABLE_MODULES = YES;
				CLANG_ENABLE_OBJC_ARC = YES;
				CLANG_WARN_BLOCK_CAPTURE_AUTORELEASING = YES;
				CLANG_WARN_BOOL_CONVERSION = YES;
				CLANG_WARN_COMMA = YES;
				CLANG_WARN_CONSTANT_CONVERSION = YES;
				CLANG_WARN_DIRECT_OBJC_ISA_USAGE = YES_ERROR;
				CLANG_WARN_DOCUMENTATION_COMMENTS = YES;
				CLANG_WARN_EMPTY_BODY = YES;
				CLANG_WARN_ENUM_CONVERSION = YES;
				CLANG_WARN_INFINITE_RECURSION = YES;
				CLANG_WARN_INT_CONVERSION = YES;
				CLANG_WARN_OBJC_ROOT_CLASS = YES_ERROR;
				CLANG_WARN_RANGE_LOOP_ANALYSIS = YES;
				CLANG_WARN_STRICT_PROTOTYPES = YES;
				CLANG_WARN_SUSPICIOUS_MOVE = YES;
				CLANG_WARN_UNGUARDED_AVAILABILITY = YES_AGGRESSIVE;
				CLANG_WARN_UNREACHABLE_CODE = YES;
				CLANG_WARN__DUPLICATE_METHOD_MATCH = YES;
				CODE_SIGN_IDENTITY = "iPhone Developer";
				COPY_PHASE_STRIP = NO;
				DEBUG_INFORMATION_FORMAT = dwarf;
				ENABLE_STRICT_OBJC_MSGSEND = YES;
				ENABLE_TESTABILITY = YES;
				GCC_C_LANGUAGE_STANDARD = gnu11;
				GCC_DYNAMIC_NO_PIC = NO;
				GCC_NO_COMMON_BLOCKS = YES;
				GCC_OPTIMIZATION_LEVEL = 0;
				GCC_PREPROCESSOR_DEFINITIONS = (
					"DEBUG=1",
					"$(inherited)",
				);
				GCC_WARN_64_TO_32_BIT_CONVERSION = YES;
				GCC_WARN_ABOUT_RETURN_TYPE = YES_ERROR;
				GCC_WARN_UNDECLARED_SELECTOR = YES;
				GCC_WARN_UNINITIALIZED_AUTOS = YES_AGGRESSIVE;
				GCC_WARN_UNUSED_FUNCTION = YES;
				GCC_WARN_UNUSED_VARIABLE = YES;
				IPHONEOS_DEPLOYMENT_TARGET = 11.0;
				MTL_ENABLE_DEBUG_INFO = YES;
				ONLY_ACTIVE_ARCH = YES;
				SDKROOT = iphoneos;
				SWIFT_ACTIVE_COMPILATION_CONDITIONS = DEBUG;
				SWIFT_OPTIMIZATION_LEVEL = "-Onone";
			};
			name = Debug;
		};
		B2C896761F13EDA9006DEE7C /* Release */ = {
			isa = XCBuildConfiguration;
			buildSettings = {
				ALWAYS_SEARCH_USER_PATHS = NO;
				CLANG_ANALYZER_NONNULL = YES;
				CLANG_ANALYZER_NUMBER_OBJECT_CONVERSION = YES_AGGRESSIVE;
				CLANG_CXX_LANGUAGE_STANDARD = "gnu++14";
				CLANG_CXX_LIBRARY = "libc++";
				CLANG_ENABLE_MODULES = YES;
				CLANG_ENABLE_OBJC_ARC = YES;
				CLANG_WARN_BLOCK_CAPTURE_AUTORELEASING = YES;
				CLANG_WARN_BOOL_CONVERSION = YES;
				CLANG_WARN_COMMA = YES;
				CLANG_WARN_CONSTANT_CONVERSION = YES;
				CLANG_WARN_DIRECT_OBJC_ISA_USAGE = YES_ERROR;
				CLANG_WARN_DOCUMENTATION_COMMENTS = YES;
				CLANG_WARN_EMPTY_BODY = YES;
				CLANG_WARN_ENUM_CONVERSION = YES;
				CLANG_WARN_INFINITE_RECURSION = YES;
				CLANG_WARN_INT_CONVERSION = YES;
				CLANG_WARN_OBJC_ROOT_CLASS = YES_ERROR;
				CLANG_WARN_RANGE_LOOP_ANALYSIS = YES;
				CLANG_WARN_STRICT_PROTOTYPES = YES;
				CLANG_WARN_SUSPICIOUS_MOVE = YES;
				CLANG_WARN_UNGUARDED_AVAILABILITY = YES_AGGRESSIVE;
				CLANG_WARN_UNREACHABLE_CODE = YES;
				CLANG_WARN__DUPLICATE_METHOD_MATCH = YES;
				CODE_SIGN_IDENTITY = "iPhone Developer";
				COPY_PHASE_STRIP = NO;
				DEBUG_INFORMATION_FORMAT = "dwarf-with-dsym";
				ENABLE_NS_ASSERTIONS = NO;
				ENABLE_STRICT_OBJC_MSGSEND = YES;
				GCC_C_LANGUAGE_STANDARD = gnu11;
				GCC_NO_COMMON_BLOCKS = YES;
				GCC_WARN_64_TO_32_BIT_CONVERSION = YES;
				GCC_WARN_ABOUT_RETURN_TYPE = YES_ERROR;
				GCC_WARN_UNDECLARED_SELECTOR = YES;
				GCC_WARN_UNINITIALIZED_AUTOS = YES_AGGRESSIVE;
				GCC_WARN_UNUSED_FUNCTION = YES;
				GCC_WARN_UNUSED_VARIABLE = YES;
				IPHONEOS_DEPLOYMENT_TARGET = 11.0;
				MTL_ENABLE_DEBUG_INFO = NO;
				SDKROOT = iphoneos;
				SWIFT_OPTIMIZATION_LEVEL = "-Owholemodule";
				VALIDATE_PRODUCT = YES;
			};
			name = Release;
		};
		B2C896781F13EDA9006DEE7C /* Debug */ = {
			isa = XCBuildConfiguration;
			buildSettings = {
				ASSETCATALOG_COMPILER_APPICON_NAME = AppIcon;
				DEVELOPMENT_TEAM = JXRDDKQ33V;
				INFOPLIST_FILE = ConsumePython/Info.plist;
				IPHONEOS_DEPLOYMENT_TARGET = 10.0;
				LD_RUNPATH_SEARCH_PATHS = "$(inherited) @executable_path/Frameworks";
				PRODUCT_BUNDLE_IDENTIFIER = com.swyftmobile.ConsumePython;
				PRODUCT_NAME = "$(TARGET_NAME)";
				SWIFT_VERSION = 4.0;
				TARGETED_DEVICE_FAMILY = "1,2";
			};
			name = Debug;
		};
		B2C896791F13EDA9006DEE7C /* Release */ = {
			isa = XCBuildConfiguration;
			buildSettings = {
				ASSETCATALOG_COMPILER_APPICON_NAME = AppIcon;
				DEVELOPMENT_TEAM = JXRDDKQ33V;
				INFOPLIST_FILE = ConsumePython/Info.plist;
				IPHONEOS_DEPLOYMENT_TARGET = 10.0;
				LD_RUNPATH_SEARCH_PATHS = "$(inherited) @executable_path/Frameworks";
				PRODUCT_BUNDLE_IDENTIFIER = com.swyftmobile.ConsumePython;
				PRODUCT_NAME = "$(TARGET_NAME)";
				SWIFT_VERSION = 4.0;
				TARGETED_DEVICE_FAMILY = "1,2";
			};
			name = Release;
		};
/* End XCBuildConfiguration section */

/* Begin XCConfigurationList section */
		B2C8965E1F13EDA9006DEE7C /* Build configuration list for PBXProject "ConsumePython" */ = {
			isa = XCConfigurationList;
			buildConfigurations = (
				B2C896751F13EDA9006DEE7C /* Debug */,
				B2C896761F13EDA9006DEE7C /* Release */,
			);
			defaultConfigurationIsVisible = 0;
			defaultConfigurationName = Release;
		};
		B2C896771F13EDA9006DEE7C /* Build configuration list for PBXNativeTarget "ConsumePython" */ = {
			isa = XCConfigurationList;
			buildConfigurations = (
				B2C896781F13EDA9006DEE7C /* Debug */,
				B2C896791F13EDA9006DEE7C /* Release */,
			);
			defaultConfigurationIsVisible = 0;
			defaultConfigurationName = Release;
		};
/* End XCConfigurationList section */
	};
	rootObject = B2C8965B1F13EDA9006DEE7C /* Project object */;
}
